{
  "name": "@pintoosingh/pintoosingh",
  "version": "1.0.2",
  "lockfileVersion": 3,
  "requires": true,
  "packages": {
    "": {
      "name": "@pintoosingh/pintoosingh",
      "version": "1.0.2",
      "license": "ISC",
      "dependencies": {
        "pintoosingh": "^1.0.0"
      },
      "devDependencies": {}
    },
    "node_modules/pintoosingh": {
      "version": "1.0.0",
      "resolved": "https://registry.npmjs.org/pintoosingh/-/pintoosingh-1.0.0.tgz",
      "integrity": "sha512-FhscmLKoJ1vcsRjumUnoQBEljMTea2Uslq8AcyXwx62ti3sqcxWJDahoHgjjUtTcBOdJE3+aiYS9NjwkDB4YGw=="
    }
  }
}
